
Microsoft Visual Studio Solution File, Format Version 12.00
# Visual Studio Version 16
VisualStudioVersion = 16.0.31205.134
MinimumVisualStudioVersion = 10.0.40219.1
Project("{FAE04EC0-301F-11D3-BF4B-00C04F79EFBC}") = "HostUWP", "AppServiceWPF\HostUWP.csproj", "{ACB8C467-D0E8-47F1-AEAB-07D101064434}"
EndProject
Project("{FAE04EC0-301F-11D3-BF4B-00C04F79EFBC}") = "AppServiceWRC", "AppServiceWRC\AppServiceWRC.csproj", "{2C34BD4B-8486-4C00-AB72-4C817D0951C0}"
EndProject
Project("{C7167F0D-BC9F-4E6E-AFE1-012C56B48DB5}") = "WFPClient.Package", "WFPClient.Package\WFPClient.Package.wapproj", "{6EFF2142-5EF9-476D-B273-D1CAF49F1C3E}"
EndProject
Project("{9A19103F-16F7-4668-BE54-9A1E7A4F7556}") = "WPFClient", "WPFClient\WPFClient.csproj", "{789D9EB8-B395-4B69-986B-6AC8C978C905}"
EndProject
Project("{9A19103F-16F7-4668-BE54-9A1E7A4F7556}") = "WPF-Unpackaged", "WPF-Unpackaged\WPF-Unpackaged.csproj", "{39CEBFF4-71A0-4F6D-BBFF-78F41189313F}"
EndProject
Global
	GlobalSection(SolutionConfigurationPlatforms) = preSolution
		Debug|Any CPU = Debug|Any CPU
		Debug|ARM = Debug|ARM
		Debug|ARM64 = Debug|ARM64
		Debug|x64 = Debug|x64
		Debug|x86 = Debug|x86
		Release|Any CPU = Release|Any CPU
		Release|ARM = Release|ARM
		Release|ARM64 = Release|ARM64
		Release|x64 = Release|x64
		Release|x86 = Release|x86
	EndGlobalSection
	GlobalSection(ProjectConfigurationPlatforms) = postSolution
		{ACB8C467-D0E8-47F1-AEAB-07D101064434}.Debug|Any CPU.ActiveCfg = Debug|x86
		{ACB8C467-D0E8-47F1-AEAB-07D101064434}.Debug|ARM.ActiveCfg = Debug|ARM
		{ACB8C467-D0E8-47F1-AEAB-07D101064434}.Debug|ARM.Build.0 = Debug|ARM
		{ACB8C467-D0E8-47F1-AEAB-07D101064434}.Debug|ARM.Deploy.0 = Debug|ARM
		{ACB8C467-D0E8-47F1-AEAB-07D101064434}.Debug|ARM64.ActiveCfg = Debug|ARM64
		{ACB8C467-D0E8-47F1-AEAB-07D101064434}.Debug|ARM64.Build.0 = Debug|ARM64
		{ACB8C467-D0E8-47F1-AEAB-07D101064434}.Debug|ARM64.Deploy.0 = Debug|ARM64
		{ACB8C467-D0E8-47F1-AEAB-07D101064434}.Debug|x64.ActiveCfg = Debug|x64
		{ACB8C467-D0E8-47F1-AEAB-07D101064434}.Debug|x64.Build.0 = Debug|x64
		{ACB8C467-D0E8-47F1-AEAB-07D101064434}.Debug|x64.Deploy.0 = Debug|x64
		{ACB8C467-D0E8-47F1-AEAB-07D101064434}.Debug|x86.ActiveCfg = Debug|x86
		{ACB8C467-D0E8-47F1-AEAB-07D101064434}.Debug|x86.Build.0 = Debug|x86
		{ACB8C467-D0E8-47F1-AEAB-07D101064434}.Debug|x86.Deploy.0 = Debug|x86
		{ACB8C467-D0E8-47F1-AEAB-07D101064434}.Release|Any CPU.ActiveCfg = Release|x86
		{ACB8C467-D0E8-47F1-AEAB-07D101064434}.Release|ARM.ActiveCfg = Release|ARM
		{ACB8C467-D0E8-47F1-AEAB-07D101064434}.Release|ARM.Build.0 = Release|ARM
		{ACB8C467-D0E8-47F1-AEAB-07D101064434}.Release|ARM.Deploy.0 = Release|ARM
		{ACB8C467-D0E8-47F1-AEAB-07D101064434}.Release|ARM64.ActiveCfg = Release|ARM64
		{ACB8C467-D0E8-47F1-AEAB-07D101064434}.Release|ARM64.Build.0 = Release|ARM64
		{ACB8C467-D0E8-47F1-AEAB-07D101064434}.Release|ARM64.Deploy.0 = Release|ARM64
		{ACB8C467-D0E8-47F1-AEAB-07D101064434}.Release|x64.ActiveCfg = Release|x64
		{ACB8C467-D0E8-47F1-AEAB-07D101064434}.Release|x64.Build.0 = Release|x64
		{ACB8C467-D0E8-47F1-AEAB-07D101064434}.Release|x64.Deploy.0 = Release|x64
		{ACB8C467-D0E8-47F1-AEAB-07D101064434}.Release|x86.ActiveCfg = Release|x86
		{ACB8C467-D0E8-47F1-AEAB-07D101064434}.Release|x86.Build.0 = Release|x86
		{ACB8C467-D0E8-47F1-AEAB-07D101064434}.Release|x86.Deploy.0 = Release|x86
		{2C34BD4B-8486-4C00-AB72-4C817D0951C0}.Debug|Any CPU.ActiveCfg = Debug|Any CPU
		{2C34BD4B-8486-4C00-AB72-4C817D0951C0}.Debug|Any CPU.Build.0 = Debug|Any CPU
		{2C34BD4B-8486-4C00-AB72-4C817D0951C0}.Debug|ARM.ActiveCfg = Debug|ARM
		{2C34BD4B-8486-4C00-AB72-4C817D0951C0}.Debug|ARM.Build.0 = Debug|ARM
		{2C34BD4B-8486-4C00-AB72-4C817D0951C0}.Debug|ARM64.ActiveCfg = Debug|ARM64
		{2C34BD4B-8486-4C00-AB72-4C817D0951C0}.Debug|ARM64.Build.0 = Debug|ARM64
		{2C34BD4B-8486-4C00-AB72-4C817D0951C0}.Debug|x64.ActiveCfg = Debug|x64
		{2C34BD4B-8486-4C00-AB72-4C817D0951C0}.Debug|x64.Build.0 = Debug|x64
		{2C34BD4B-8486-4C00-AB72-4C817D0951C0}.Debug|x86.ActiveCfg = Debug|x86
		{2C34BD4B-8486-4C00-AB72-4C817D0951C0}.Debug|x86.Build.0 = Debug|x86
		{2C34BD4B-8486-4C00-AB72-4C817D0951C0}.Release|Any CPU.ActiveCfg = Release|Any CPU
		{2C34BD4B-8486-4C00-AB72-4C817D0951C0}.Release|Any CPU.Build.0 = Release|Any CPU
		{2C34BD4B-8486-4C00-AB72-4C817D0951C0}.Release|ARM.ActiveCfg = Release|ARM
		{2C34BD4B-8486-4C00-AB72-4C817D0951C0}.Release|ARM.Build.0 = Release|ARM
		{2C34BD4B-8486-4C00-AB72-4C817D0951C0}.Release|ARM64.ActiveCfg = Release|ARM64
		{2C34BD4B-8486-4C00-AB72-4C817D0951C0}.Release|ARM64.Build.0 = Release|ARM64
		{2C34BD4B-8486-4C00-AB72-4C817D0951C0}.Release|x64.ActiveCfg = Release|x64
		{2C34BD4B-8486-4C00-AB72-4C817D0951C0}.Release|x64.Build.0 = Release|x64
		{2C34BD4B-8486-4C00-AB72-4C817D0951C0}.Release|x86.ActiveCfg = Release|x86
		{2C34BD4B-8486-4C00-AB72-4C817D0951C0}.Release|x86.Build.0 = Release|x86
		{6EFF2142-5EF9-476D-B273-D1CAF49F1C3E}.Debug|Any CPU.ActiveCfg = Debug|Any CPU
		{6EFF2142-5EF9-476D-B273-D1CAF49F1C3E}.Debug|Any CPU.Build.0 = Debug|Any CPU
		{6EFF2142-5EF9-476D-B273-D1CAF49F1C3E}.Debug|Any CPU.Deploy.0 = Debug|Any CPU
		{6EFF2142-5EF9-476D-B273-D1CAF49F1C3E}.Debug|ARM.ActiveCfg = Debug|ARM
		{6EFF2142-5EF9-476D-B273-D1CAF49F1C3E}.Debug|ARM.Build.0 = Debug|ARM
		{6EFF2142-5EF9-476D-B273-D1CAF49F1C3E}.Debug|ARM.Deploy.0 = Debug|ARM
		{6EFF2142-5EF9-476D-B273-D1CAF49F1C3E}.Debug|ARM64.ActiveCfg = Debug|ARM64
		{6EFF2142-5EF9-476D-B273-D1CAF49F1C3E}.Debug|ARM64.Build.0 = Debug|ARM64
		{6EFF2142-5EF9-476D-B273-D1CAF49F1C3E}.Debug|ARM64.Deploy.0 = Debug|ARM64
		{6EFF2142-5EF9-476D-B273-D1CAF49F1C3E}.Debug|x64.ActiveCfg = Debug|x64
		{6EFF2142-5EF9-476D-B273-D1CAF49F1C3E}.Debug|x64.Build.0 = Debug|x64
		{6EFF2142-5EF9-476D-B273-D1CAF49F1C3E}.Debug|x64.Deploy.0 = Debug|x64
		{6EFF2142-5EF9-476D-B273-D1CAF49F1C3E}.Debug|x86.ActiveCfg = Debug|x86
		{6EFF2142-5EF9-476D-B273-D1CAF49F1C3E}.Debug|x86.Build.0 = Debug|x86
		{6EFF2142-5EF9-476D-B273-D1CAF49F1C3E}.Debug|x86.Deploy.0 = Debug|x86
		{6EFF2142-5EF9-476D-B273-D1CAF49F1C3E}.Release|Any CPU.ActiveCfg = Release|Any CPU
		{6EFF2142-5EF9-476D-B273-D1CAF49F1C3E}.Release|Any CPU.Build.0 = Release|Any CPU
		{6EFF2142-5EF9-476D-B273-D1CAF49F1C3E}.Release|Any CPU.Deploy.0 = Release|Any CPU
		{6EFF2142-5EF9-476D-B273-D1CAF49F1C3E}.Release|ARM.ActiveCfg = Release|ARM
		{6EFF2142-5EF9-476D-B273-D1CAF49F1C3E}.Release|ARM.Build.0 = Release|ARM
		{6EFF2142-5EF9-476D-B273-D1CAF49F1C3E}.Release|ARM.Deploy.0 = Release|ARM
		{6EFF2142-5EF9-476D-B273-D1CAF49F1C3E}.Release|ARM64.ActiveCfg = Release|ARM64
		{6EFF2142-5EF9-476D-B273-D1CAF49F1C3E}.Release|ARM64.Build.0 = Release|ARM64
		{6EFF2142-5EF9-476D-B273-D1CAF49F1C3E}.Release|ARM64.Deploy.0 = Release|ARM64
		{6EFF2142-5EF9-476D-B273-D1CAF49F1C3E}.Release|x64.ActiveCfg = Release|x64
		{6EFF2142-5EF9-476D-B273-D1CAF49F1C3E}.Release|x64.Build.0 = Release|x64
		{6EFF2142-5EF9-476D-B273-D1CAF49F1C3E}.Release|x64.Deploy.0 = Release|x64
		{6EFF2142-5EF9-476D-B273-D1CAF49F1C3E}.Release|x86.ActiveCfg = Release|x86
		{6EFF2142-5EF9-476D-B273-D1CAF49F1C3E}.Release|x86.Build.0 = Release|x86
		{6EFF2142-5EF9-476D-B273-D1CAF49F1C3E}.Release|x86.Deploy.0 = Release|x86
		{789D9EB8-B395-4B69-986B-6AC8C978C905}.Debug|Any CPU.ActiveCfg = Debug|x86
		{789D9EB8-B395-4B69-986B-6AC8C978C905}.Debug|ARM.ActiveCfg = Debug|x86
		{789D9EB8-B395-4B69-986B-6AC8C978C905}.Debug|ARM64.ActiveCfg = Debug|x86
		{789D9EB8-B395-4B69-986B-6AC8C978C905}.Debug|x64.ActiveCfg = Debug|x64
		{789D9EB8-B395-4B69-986B-6AC8C978C905}.Debug|x64.Build.0 = Debug|x64
		{789D9EB8-B395-4B69-986B-6AC8C978C905}.Debug|x86.ActiveCfg = Debug|x86
		{789D9EB8-B395-4B69-986B-6AC8C978C905}.Debug|x86.Build.0 = Debug|x86
		{789D9EB8-B395-4B69-986B-6AC8C978C905}.Release|Any CPU.ActiveCfg = Release|x86
		{789D9EB8-B395-4B69-986B-6AC8C978C905}.Release|ARM.ActiveCfg = Release|x86
		{789D9EB8-B395-4B69-986B-6AC8C978C905}.Release|ARM64.ActiveCfg = Release|x86
		{789D9EB8-B395-4B69-986B-6AC8C978C905}.Release|x64.ActiveCfg = Release|x64
		{789D9EB8-B395-4B69-986B-6AC8C978C905}.Release|x64.Build.0 = Release|x64
		{789D9EB8-B395-4B69-986B-6AC8C978C905}.Release|x86.ActiveCfg = Release|x86
		{789D9EB8-B395-4B69-986B-6AC8C978C905}.Release|x86.Build.0 = Release|x86
		{39CEBFF4-71A0-4F6D-BBFF-78F41189313F}.Debug|Any CPU.ActiveCfg = Debug|Any CPU
		{39CEBFF4-71A0-4F6D-BBFF-78F41189313F}.Debug|Any CPU.Build.0 = Debug|Any CPU
		{39CEBFF4-71A0-4F6D-BBFF-78F41189313F}.Debug|ARM.ActiveCfg = Debug|Any CPU
		{39CEBFF4-71A0-4F6D-BBFF-78F41189313F}.Debug|ARM.Build.0 = Debug|Any CPU
		{39CEBFF4-71A0-4F6D-BBFF-78F41189313F}.Debug|ARM64.ActiveCfg = Debug|Any CPU
		{39CEBFF4-71A0-4F6D-BBFF-78F41189313F}.Debug|ARM64.Build.0 = Debug|Any CPU
		{39CEBFF4-71A0-4F6D-BBFF-78F41189313F}.Debug|x64.ActiveCfg = Debug|x64
		{39CEBFF4-71A0-4F6D-BBFF-78F41189313F}.Debug|x64.Build.0 = Debug|x64
		{39CEBFF4-71A0-4F6D-BBFF-78F41189313F}.Debug|x86.ActiveCfg = Debug|Any CPU
		{39CEBFF4-71A0-4F6D-BBFF-78F41189313F}.Debug|x86.Build.0 = Debug|Any CPU
		{39CEBFF4-71A0-4F6D-BBFF-78F41189313F}.Release|Any CPU.ActiveCfg = Release|Any CPU
		{39CEBFF4-71A0-4F6D-BBFF-78F41189313F}.Release|Any CPU.Build.0 = Release|Any CPU
		{39CEBFF4-71A0-4F6D-BBFF-78F41189313F}.Release|ARM.ActiveCfg = Release|Any CPU
		{39CEBFF4-71A0-4F6D-BBFF-78F41189313F}.Release|ARM.Build.0 = Release|Any CPU
		{39CEBFF4-71A0-4F6D-BBFF-78F41189313F}.Release|ARM64.ActiveCfg = Release|Any CPU
		{39CEBFF4-71A0-4F6D-BBFF-78F41189313F}.Release|ARM64.Build.0 = Release|Any CPU
		{39CEBFF4-71A0-4F6D-BBFF-78F41189313F}.Release|x64.ActiveCfg = Release|Any CPU
		{39CEBFF4-71A0-4F6D-BBFF-78F41189313F}.Release|x64.Build.0 = Release|Any CPU
		{39CEBFF4-71A0-4F6D-BBFF-78F41189313F}.Release|x86.ActiveCfg = Release|Any CPU
		{39CEBFF4-71A0-4F6D-BBFF-78F41189313F}.Release|x86.Build.0 = Release|Any CPU
	EndGlobalSection
	GlobalSection(SolutionProperties) = preSolution
		HideSolutionNode = FALSE
	EndGlobalSection
	GlobalSection(ExtensibilityGlobals) = postSolution
		SolutionGuid = {36B507CB-A7A7-4536-82C0-0044450FDC1F}
	EndGlobalSection
EndGlobal
